
Microsoft Visual Studio Solution File, Format Version 12.00
# Visual Studio 15
VisualStudioVersion = 15.0.27130.2010
MinimumVisualStudioVersion = 10.0.40219.1
Project("{FAE04EC0-301F-11D3-BF4B-00C04F79EFBC}") = "Test", "Test\Test.csproj", "{EBD9DFA2-E67B-478A-A03D-FAD9DFFBAD59}"
EndProject
Global
	GlobalSection(SolutionConfigurationPlatforms) = preSolution
		Debug|Any CPU = Debug|Any CPU
		Release|Any CPU = Release|Any CPU
	EndGlobalSection
	GlobalSection(ProjectConfigurationPlatforms) = postSolution
		{EBD9DFA2-E67B-478A-A03D-FAD9DFFBAD59}.Debug|Any CPU.ActiveCfg = Debug|Any CPU
		{EBD9DFA2-E67B-478A-A03D-FAD9DFFBAD59}.Debug|Any CPU.Build.0 = Debug|Any CPU
		{EBD9DFA2-E67B-478A-A03D-FAD9DFFBAD59}.Release|Any CPU.ActiveCfg = Release|Any CPU
		{EBD9DFA2-E67B-478A-A03D-FAD9DFFBAD59}.Release|Any CPU.Build.0 = Release|Any CPU
	EndGlobalSection
	GlobalSection(SolutionProperties) = preSolution
		HideSolutionNode = FALSE
	EndGlobalSection
	GlobalSection(ExtensibilityGlobals) = postSolution
		SolutionGuid = {C1705C3B-80EC-4186-8817-1CAC3E6022CC}
	EndGlobalSection
EndGlobal
